
Microsoft Visual Studio Solution File, Format Version 12.00
# Visual Studio Version 16
VisualStudioVersion = 16.0.31515.178
MinimumVisualStudioVersion = 10.0.40219.1
Project("{9A19103F-16F7-4668-BE54-9A1E7A4F7556}") = "SafeBoard_ScanCLI", "SafeBoard_ScanUtil\SafeBoard_ScanCLI.csproj", "{DCC40E4E-B718-47C5-80BE-F84B6C0D6869}"
EndProject
Project("{9A19103F-16F7-4668-BE54-9A1E7A4F7556}") = "SafeBoard_ScanAPI", "SafeBoard_ScanAPI\SafeBoard_ScanAPI.csproj", "{52A5CE46-9234-4171-BEB1-267A6A933748}"
EndProject
Project("{9A19103F-16F7-4668-BE54-9A1E7A4F7556}") = "SafeBoard_ScanService", "SafeBoard_ScanService\SafeBoard_ScanService.csproj", "{E3050DE6-8C0A-466B-8664-2A0EC282AF11}"
EndProject
Global
	GlobalSection(SolutionConfigurationPlatforms) = preSolution
		Debug|Any CPU = Debug|Any CPU
		Release|Any CPU = Release|Any CPU
	EndGlobalSection
	GlobalSection(ProjectConfigurationPlatforms) = postSolution
		{DCC40E4E-B718-47C5-80BE-F84B6C0D6869}.Debug|Any CPU.ActiveCfg = Debug|Any CPU
		{DCC40E4E-B718-47C5-80BE-F84B6C0D6869}.Debug|Any CPU.Build.0 = Debug|Any CPU
		{DCC40E4E-B718-47C5-80BE-F84B6C0D6869}.Release|Any CPU.ActiveCfg = Release|Any CPU
		{DCC40E4E-B718-47C5-80BE-F84B6C0D6869}.Release|Any CPU.Build.0 = Release|Any CPU
		{52A5CE46-9234-4171-BEB1-267A6A933748}.Debug|Any CPU.ActiveCfg = Debug|Any CPU
		{52A5CE46-9234-4171-BEB1-267A6A933748}.Debug|Any CPU.Build.0 = Debug|Any CPU
		{52A5CE46-9234-4171-BEB1-267A6A933748}.Release|Any CPU.ActiveCfg = Release|Any CPU
		{52A5CE46-9234-4171-BEB1-267A6A933748}.Release|Any CPU.Build.0 = Release|Any CPU
		{E3050DE6-8C0A-466B-8664-2A0EC282AF11}.Debug|Any CPU.ActiveCfg = Debug|Any CPU
		{E3050DE6-8C0A-466B-8664-2A0EC282AF11}.Debug|Any CPU.Build.0 = Debug|Any CPU
		{E3050DE6-8C0A-466B-8664-2A0EC282AF11}.Release|Any CPU.ActiveCfg = Release|Any CPU
		{E3050DE6-8C0A-466B-8664-2A0EC282AF11}.Release|Any CPU.Build.0 = Release|Any CPU
	EndGlobalSection
	GlobalSection(SolutionProperties) = preSolution
		HideSolutionNode = FALSE
	EndGlobalSection
	GlobalSection(ExtensibilityGlobals) = postSolution
		SolutionGuid = {940E406C-0608-4BAE-82DE-CD356C3D7A9B}
	EndGlobalSection
EndGlobal
